{
  "originHash" : "a3333f00252bd0072fb551cbcabd61c54fd51215d29bcffad8b334cd81a5c59f",
  "pins" : [
    {
      "identity" : "swift-syntax",
      "kind" : "remoteSourceControl",
      "location" : "https://github.com/swiftlang/swift-syntax.git",
      "state" : {
        "revision" : "0687f71944021d616d34d922343dcef086855920",
        "version" : "600.0.1"
      }
    },
    {
      "identity" : "swift-testing",
      "kind" : "remoteSourceControl",
      "location" : "https://github.com/swiftlang/swift-testing.git",
      "state" : {
        "branch" : "release/6.0",
        "revision" : "18c42c19cac3fafd61cab1156d4088664b7424ae"
      }
    }
  ],
  "version" : 3
}
